// !$*UTF8*$!
{
	archiveVersion = 1;
	classes = {
	};
	objectVersion = 51;
	objects = {

/* Begin PBXBuildFile section */
		178F0B120450E8D893D1E8D8 /* Pods_BreakingBadTests.framework in Frameworks */ = {isa = PBXBuildFile; fileRef = 407168BF18C0CC817E197A24 /* Pods_BreakingBadTests.framework */; };
		9E839B59892C13601221948A /* Pods_BreakingBad_BreakingBadUITests.framework in Frameworks */ = {isa = PBXBuildFile; fileRef = 9B2C92F8CA4E0213AFA615CB /* Pods_BreakingBad_BreakingBadUITests.framework */; };
		A519BBF72566DBAF00B685D2 /* CharacterJson.swift in Sources */ = {isa = PBXBuildFile; fileRef = A519BBF62566DBAF00B685D2 /* CharacterJson.swift */; };
		A564CF9924605BA5007A011B /* Main.storyboard in Resources */ = {isa = PBXBuildFile; fileRef = A564CF9824605BA5007A011B /* Main.storyboard */; };
		A565763E2436FFDE0049EE9B /* AppDelegate.swift in Sources */ = {isa = PBXBuildFile; fileRef = A565763D2436FFDE0049EE9B /* AppDelegate.swift */; };
		A56576452436FFE30049EE9B /* Assets.xcassets in Resources */ = {isa = PBXBuildFile; fileRef = A56576442436FFE30049EE9B /* Assets.xcassets */; };
		A56576482436FFE30049EE9B /* LaunchScreen.storyboard in Resources */ = {isa = PBXBuildFile; fileRef = A56576462436FFE30049EE9B /* LaunchScreen.storyboard */; };
		A56576532436FFE30049EE9B /* BreakingBadTests.swift in Sources */ = {isa = PBXBuildFile; fileRef = A56576522436FFE30049EE9B /* BreakingBadTests.swift */; };
		A565765E2436FFE30049EE9B /* BreakingBadUITests.swift in Sources */ = {isa = PBXBuildFile; fileRef = A565765D2436FFE30049EE9B /* BreakingBadUITests.swift */; };
		A565766C243A202B0049EE9B /* CharacterListScreen.swift in Sources */ = {isa = PBXBuildFile; fileRef = A565766B243A202B0049EE9B /* CharacterListScreen.swift */; };
		A565766E243A6A630049EE9B /* CharacterCell.swift in Sources */ = {isa = PBXBuildFile; fileRef = A565766D243A6A630049EE9B /* CharacterCell.swift */; };
		A5657670243A6D730049EE9B /* Character.swift in Sources */ = {isa = PBXBuildFile; fileRef = A565766F243A6D730049EE9B /* Character.swift */; };
		A5657673243E451C0049EE9B /* Utils.swift in Sources */ = {isa = PBXBuildFile; fileRef = A5657671243CF6DC0049EE9B /* Utils.swift */; };
		A5657677243E5B110049EE9B /* CharacterDetailsScreen.swift in Sources */ = {isa = PBXBuildFile; fileRef = A5657676243E5B110049EE9B /* CharacterDetailsScreen.swift */; };
		A5AA1B1C25AC783800A8B220 /* RealmService.swift in Sources */ = {isa = PBXBuildFile; fileRef = A5AA1B1B25AC783800A8B220 /* RealmService.swift */; };
		CCC98A38729FFFF66391E220 /* Pods_BreakingBad.framework in Frameworks */ = {isa = PBXBuildFile; fileRef = B4BED0E21ED61DCBB8E17C20 /* Pods_BreakingBad.framework */; };
/* End PBXBuildFile section */

/* Begin PBXContainerItemProxy section */
		A565764F2436FFE30049EE9B /* PBXContainerItemProxy */ = {
			isa = PBXContainerItemProxy;
			containerPortal = A56576322436FFDE0049EE9B /* Project object */;
			proxyType = 1;
			remoteGlobalIDString = A56576392436FFDE0049EE9B;
			remoteInfo = BreakingBad;
		};
		A565765A2436FFE30049EE9B /* PBXContainerItemProxy */ = {
			isa = PBXContainerItemProxy;
			containerPortal = A56576322436FFDE0049EE9B /* Project object */;
			proxyType = 1;
			remoteGlobalIDString = A56576392436FFDE0049EE9B;
			remoteInfo = BreakingBad;
		};
/* End PBXContainerItemProxy section */

/* Begin PBXFileReference section */
		1422337198291E36D24B12B0 /* Pods-BreakingBadTests.release.xcconfig */ = {isa = PBXFileReference; includeInIndex = 1; lastKnownFileType = text.xcconfig; name = "Pods-BreakingBadTests.release.xcconfig"; path = "Target Support Files/Pods-BreakingBadTests/Pods-BreakingBadTests.release.xcconfig"; sourceTree = "<group>"; };
		181172A18A596E8F96E915BA /* Pods-BreakingBad-BreakingBadUITests.debug.xcconfig */ = {isa = PBXFileReference; includeInIndex = 1; lastKnownFileType = text.xcconfig; name = "Pods-BreakingBad-BreakingBadUITests.debug.xcconfig"; path = "Target Support Files/Pods-BreakingBad-BreakingBadUITests/Pods-BreakingBad-BreakingBadUITests.debug.xcconfig"; sourceTree = "<group>"; };
		3BA100107A76FC3CAEDF364C /* Pods-BreakingBad.release.xcconfig */ = {isa = PBXFileReference; includeInIndex = 1; lastKnownFileType = text.xcconfig; name = "Pods-BreakingBad.release.xcconfig"; path = "Target Support Files/Pods-BreakingBad/Pods-BreakingBad.release.xcconfig"; sourceTree = "<group>"; };
		407168BF18C0CC817E197A24 /* Pods_BreakingBadTests.framework */ = {isa = PBXFileReference; explicitFileType = wrapper.framework; includeInIndex = 0; path = Pods_BreakingBadTests.framework; sourceTree = BUILT_PRODUCTS_DIR; };
		97A31D764962AC974E3A2B47 /* Pods-BreakingBadTests.debug.xcconfig */ = {isa = PBXFileReference; includeInIndex = 1; lastKnownFileType = text.xcconfig; name = "Pods-BreakingBadTests.debug.xcconfig"; path = "Target Support Files/Pods-BreakingBadTests/Pods-BreakingBadTests.debug.xcconfig"; sourceTree = "<group>"; };
		9B2C92F8CA4E0213AFA615CB /* Pods_BreakingBad_BreakingBadUITests.framework */ = {isa = PBXFileReference; explicitFileType = wrapper.framework; includeInIndex = 0; path = Pods_BreakingBad_BreakingBadUITests.framework; sourceTree = BUILT_PRODUCTS_DIR; };
		A519BBF62566DBAF00B685D2 /* CharacterJson.swift */ = {isa = PBXFileReference; lastKnownFileType = sourcecode.swift; path = CharacterJson.swift; sourceTree = "<group>"; };
		A564CF9824605BA5007A011B /* Main.storyboard */ = {isa = PBXFileReference; lastKnownFileType = file.storyboard; path = Main.storyboard; sourceTree = "<group>"; };
		A565763A2436FFDE0049EE9B /* BreakingBad.app */ = {isa = PBXFileReference; explicitFileType = wrapper.application; includeInIndex = 0; path = BreakingBad.app; sourceTree = BUILT_PRODUCTS_DIR; };
		A565763D2436FFDE0049EE9B /* AppDelegate.swift */ = {isa = PBXFileReference; lastKnownFileType = sourcecode.swift; path = AppDelegate.swift; sourceTree = "<group>"; };
		A56576442436FFE30049EE9B /* Assets.xcassets */ = {isa = PBXFileReference; lastKnownFileType = folder.assetcatalog; path = Assets.xcassets; sourceTree = "<group>"; };
		A56576472436FFE30049EE9B /* Base */ = {isa = PBXFileReference; lastKnownFileType = file.storyboard; name = Base; path = Base.lproj/LaunchScreen.storyboard; sourceTree = "<group>"; };
		A56576492436FFE30049EE9B /* Info.plist */ = {isa = PBXFileReference; lastKnownFileType = text.plist.xml; path = Info.plist; sourceTree = "<group>"; };
		A565764E2436FFE30049EE9B /* BreakingBadTests.xctest */ = {isa = PBXFileReference; explicitFileType = wrapper.cfbundle; includeInIndex = 0; path = BreakingBadTests.xctest; sourceTree = BUILT_PRODUCTS_DIR; };
		A56576522436FFE30049EE9B /* BreakingBadTests.swift */ = {isa = PBXFileReference; lastKnownFileType = sourcecode.swift; path = BreakingBadTests.swift; sourceTree = "<group>"; };
		A56576542436FFE30049EE9B /* Info.plist */ = {isa = PBXFileReference; lastKnownFileType = text.plist.xml; path = Info.plist; sourceTree = "<group>"; };
		A56576592436FFE30049EE9B /* BreakingBadUITests.xctest */ = {isa = PBXFileReference; explicitFileType = wrapper.cfbundle; includeInIndex = 0; path = BreakingBadUITests.xctest; sourceTree = BUILT_PRODUCTS_DIR; };
		A565765D2436FFE30049EE9B /* BreakingBadUITests.swift */ = {isa = PBXFileReference; lastKnownFileType = sourcecode.swift; path = BreakingBadUITests.swift; sourceTree = "<group>"; };
		A565765F2436FFE30049EE9B /* Info.plist */ = {isa = PBXFileReference; lastKnownFileType = text.plist.xml; path = Info.plist; sourceTree = "<group>"; };
		A565766B243A202B0049EE9B /* CharacterListScreen.swift */ = {isa = PBXFileReference; lastKnownFileType = sourcecode.swift; path = CharacterListScreen.swift; sourceTree = "<group>"; };
		A565766D243A6A630049EE9B /* CharacterCell.swift */ = {isa = PBXFileReference; lastKnownFileType = sourcecode.swift; path = CharacterCell.swift; sourceTree = "<group>"; };
		A565766F243A6D730049EE9B /* Character.swift */ = {isa = PBXFileReference; lastKnownFileType = sourcecode.swift; path = Character.swift; sourceTree = "<group>"; };
		A5657671243CF6DC0049EE9B /* Utils.swift */ = {isa = PBXFileReference; lastKnownFileType = sourcecode.swift; path = Utils.swift; sourceTree = SOURCE_ROOT; };
		A5657676243E5B110049EE9B /* CharacterDetailsScreen.swift */ = {isa = PBXFileReference; lastKnownFileType = sourcecode.swift; path = CharacterDetailsScreen.swift; sourceTree = "<group>"; };
		A5AA1B1B25AC783800A8B220 /* RealmService.swift */ = {isa = PBXFileReference; lastKnownFileType = sourcecode.swift; path = RealmService.swift; sourceTree = "<group>"; };
		B4BED0E21ED61DCBB8E17C20 /* Pods_BreakingBad.framework */ = {isa = PBXFileReference; explicitFileType = wrapper.framework; includeInIndex = 0; path = Pods_BreakingBad.framework; sourceTree = BUILT_PRODUCTS_DIR; };
		CE744A3BB51831DED012E734 /* Pods-BreakingBad.debug.xcconfig */ = {isa = PBXFileReference; includeInIndex = 1; lastKnownFileType = text.xcconfig; name = "Pods-BreakingBad.debug.xcconfig"; path = "Target Support Files/Pods-BreakingBad/Pods-BreakingBad.debug.xcconfig"; sourceTree = "<group>"; };
		D05FF908A2578872F84BE12E /* Pods-BreakingBad-BreakingBadUITests.release.xcconfig */ = {isa = PBXFileReference; includeInIndex = 1; lastKnownFileType = text.xcconfig; name = "Pods-BreakingBad-BreakingBadUITests.release.xcconfig"; path = "Target Support Files/Pods-BreakingBad-BreakingBadUITests/Pods-BreakingBad-BreakingBadUITests.release.xcconfig"; sourceTree = "<group>"; };
/* End PBXFileReference section */

/* Begin PBXFrameworksBuildPhase section */
		A56576372436FFDE0049EE9B /* Frameworks */ = {
			isa = PBXFrameworksBuildPhase;
			buildActionMask = 2147483647;
			files = (
				CCC98A38729FFFF66391E220 /* Pods_BreakingBad.framework in Frameworks */,
			);
			runOnlyForDeploymentPostprocessing = 0;
		};
		A565764B2436FFE30049EE9B /* Frameworks */ = {
			isa = PBXFrameworksBuildPhase;
			buildActionMask = 2147483647;
			files = (
				178F0B120450E8D893D1E8D8 /* Pods_BreakingBadTests.framework in Frameworks */,
			);
			runOnlyForDeploymentPostprocessing = 0;
		};
		A56576562436FFE30049EE9B /* Frameworks */ = {
			isa = PBXFrameworksBuildPhase;
			buildActionMask = 2147483647;
			files = (
				9E839B59892C13601221948A /* Pods_BreakingBad_BreakingBadUITests.framework in Frameworks */,
			);
			runOnlyForDeploymentPostprocessing = 0;
		};
/* End PBXFrameworksBuildPhase section */

/* Begin PBXGroup section */
		5E5509147F546A77DD2B3FC6 /* Pods */ = {
			isa = PBXGroup;
			children = (
				CE744A3BB51831DED012E734 /* Pods-BreakingBad.debug.xcconfig */,
				3BA100107A76FC3CAEDF364C /* Pods-BreakingBad.release.xcconfig */,
				181172A18A596E8F96E915BA /* Pods-BreakingBad-BreakingBadUITests.debug.xcconfig */,
				D05FF908A2578872F84BE12E /* Pods-BreakingBad-BreakingBadUITests.release.xcconfig */,
				97A31D764962AC974E3A2B47 /* Pods-BreakingBadTests.debug.xcconfig */,
				1422337198291E36D24B12B0 /* Pods-BreakingBadTests.release.xcconfig */,
			);
			path = Pods;
			sourceTree = "<group>";
		};
		A56576312436FFDE0049EE9B = {
			isa = PBXGroup;
			children = (
				A5657671243CF6DC0049EE9B /* Utils.swift */,
				A565763C2436FFDE0049EE9B /* BreakingBad */,
				A56576512436FFE30049EE9B /* BreakingBadTests */,
				A565765C2436FFE30049EE9B /* BreakingBadUITests */,
				A565763B2436FFDE0049EE9B /* Products */,
				5E5509147F546A77DD2B3FC6 /* Pods */,
				AE70E359F4F73D2BE67FAFC9 /* Frameworks */,
			);
			sourceTree = "<group>";
		};
		A565763B2436FFDE0049EE9B /* Products */ = {
			isa = PBXGroup;
			children = (
				A565763A2436FFDE0049EE9B /* BreakingBad.app */,
				A565764E2436FFE30049EE9B /* BreakingBadTests.xctest */,
				A56576592436FFE30049EE9B /* BreakingBadUITests.xctest */,
			);
			name = Products;
			sourceTree = "<group>";
		};
		A565763C2436FFDE0049EE9B /* BreakingBad */ = {
			isa = PBXGroup;
			children = (
				A565763D2436FFDE0049EE9B /* AppDelegate.swift */,
				A519BBF62566DBAF00B685D2 /* CharacterJson.swift */,
				A565766B243A202B0049EE9B /* CharacterListScreen.swift */,
				A5657676243E5B110049EE9B /* CharacterDetailsScreen.swift */,
				A565766D243A6A630049EE9B /* CharacterCell.swift */,
				A565766F243A6D730049EE9B /* Character.swift */,
				A5AA1B1B25AC783800A8B220 /* RealmService.swift */,
				A564CF9824605BA5007A011B /* Main.storyboard */,
				A56576442436FFE30049EE9B /* Assets.xcassets */,
				A56576462436FFE30049EE9B /* LaunchScreen.storyboard */,
				A56576492436FFE30049EE9B /* Info.plist */,
			);
			path = BreakingBad;
			sourceTree = "<group>";
		};
		A56576512436FFE30049EE9B /* BreakingBadTests */ = {
			isa = PBXGroup;
			children = (
				A56576522436FFE30049EE9B /* BreakingBadTests.swift */,
				A56576542436FFE30049EE9B /* Info.plist */,
			);
			path = BreakingBadTests;
			sourceTree = "<group>";
		};
		A565765C2436FFE30049EE9B /* BreakingBadUITests */ = {
			isa = PBXGroup;
			children = (
				A565765D2436FFE30049EE9B /* BreakingBadUITests.swift */,
				A565765F2436FFE30049EE9B /* Info.plist */,
			);
			path = BreakingBadUITests;
			sourceTree = "<group>";
		};
		AE70E359F4F73D2BE67FAFC9 /* Frameworks */ = {
			isa = PBXGroup;
			children = (
				B4BED0E21ED61DCBB8E17C20 /* Pods_BreakingBad.framework */,
				9B2C92F8CA4E0213AFA615CB /* Pods_BreakingBad_BreakingBadUITests.framework */,
				407168BF18C0CC817E197A24 /* Pods_BreakingBadTests.framework */,
			);
			name = Frameworks;
			sourceTree = "<group>";
		};
/* End PBXGroup section */

/* Begin PBXNativeTarget section */
		A56576392436FFDE0049EE9B /* BreakingBad */ = {
			isa = PBXNativeTarget;
			buildConfigurationList = A56576622436FFE30049EE9B /* Build configuration list for PBXNativeTarget "BreakingBad" */;
			buildPhases = (
				020326179002DA72A12BE675 /* [CP] Check Pods Manifest.lock */,
				A56576362436FFDE0049EE9B /* Sources */,
				A56576372436FFDE0049EE9B /* Frameworks */,
				A56576382436FFDE0049EE9B /* Resources */,
				7EAEC625CB86ADB4489E850C /* [CP] Embed Pods Frameworks */,
			);
			buildRules = (
			);
			dependencies = (
			);
			name = BreakingBad;
			productName = BreakingBad;
			productReference = A565763A2436FFDE0049EE9B /* BreakingBad.app */;
			productType = "com.apple.product-type.application";
		};
		A565764D2436FFE30049EE9B /* BreakingBadTests */ = {
			isa = PBXNativeTarget;
			buildConfigurationList = A56576652436FFE30049EE9B /* Build configuration list for PBXNativeTarget "BreakingBadTests" */;
			buildPhases = (
				3E0BFA2D818A986275E60DF6 /* [CP] Check Pods Manifest.lock */,
				A565764A2436FFE30049EE9B /* Sources */,
				A565764B2436FFE30049EE9B /* Frameworks */,
				A565764C2436FFE30049EE9B /* Resources */,
			);
			buildRules = (
			);
			dependencies = (
				A56576502436FFE30049EE9B /* PBXTargetDependency */,
			);
			name = BreakingBadTests;
			productName = BreakingBadTests;
			productReference = A565764E2436FFE30049EE9B /* BreakingBadTests.xctest */;
			productType = "com.apple.product-type.bundle.unit-test";
		};
		A56576582436FFE30049EE9B /* BreakingBadUITests */ = {
			isa = PBXNativeTarget;
			buildConfigurationList = A56576682436FFE30049EE9B /* Build configuration list for PBXNativeTarget "BreakingBadUITests" */;
			buildPhases = (
				854B0565735451506CD89637 /* [CP] Check Pods Manifest.lock */,
				A56576552436FFE30049EE9B /* Sources */,
				A56576562436FFE30049EE9B /* Frameworks */,
				A56576572436FFE30049EE9B /* Resources */,
				D81A0B9123C7D5CA68BFDB06 /* [CP] Embed Pods Frameworks */,
			);
			buildRules = (
			);
			dependencies = (
				A565765B2436FFE30049EE9B /* PBXTargetDependency */,
			);
			name = BreakingBadUITests;
			productName = BreakingBadUITests;
			productReference = A56576592436FFE30049EE9B /* BreakingBadUITests.xctest */;
			productType = "com.apple.product-type.bundle.ui-testing";
		};
/* End PBXNativeTarget section */

/* Begin PBXProject section */
		A56576322436FFDE0049EE9B /* Project object */ = {
			isa = PBXProject;
			attributes = {
				LastSwiftUpdateCheck = 1030;
				LastUpgradeCheck = 1030;
				ORGANIZATIONNAME = "Jandrè Hattingh";
				TargetAttributes = {
					A56576392436FFDE0049EE9B = {
						CreatedOnToolsVersion = 10.3;
					};
					A565764D2436FFE30049EE9B = {
						CreatedOnToolsVersion = 10.3;
						TestTargetID = A56576392436FFDE0049EE9B;
					};
					A56576582436FFE30049EE9B = {
						CreatedOnToolsVersion = 10.3;
						TestTargetID = A56576392436FFDE0049EE9B;
					};
				};
			};
			buildConfigurationList = A56576352436FFDE0049EE9B /* Build configuration list for PBXProject "BreakingBad" */;
			compatibilityVersion = "Xcode 9.3";
			developmentRegion = en;
			hasScannedForEncodings = 0;
			knownRegions = (
				en,
				Base,
			);
			mainGroup = A56576312436FFDE0049EE9B;
			productRefGroup = A565763B2436FFDE0049EE9B /* Products */;
			projectDirPath = "";
			projectRoot = "";
			targets = (
				A56576392436FFDE0049EE9B /* BreakingBad */,
				A565764D2436FFE30049EE9B /* BreakingBadTests */,
				A56576582436FFE30049EE9B /* BreakingBadUITests */,
			);
		};
/* End PBXProject section */

/* Begin PBXResourcesBuildPhase section */
		A56576382436FFDE0049EE9B /* Resources */ = {
			isa = PBXResourcesBuildPhase;
			buildActionMask = 2147483647;
			files = (
				A56576482436FFE30049EE9B /* LaunchScreen.storyboard in Resources */,
				A56576452436FFE30049EE9B /* Assets.xcassets in Resources */,
				A564CF9924605BA5007A011B /* Main.storyboard in Resources */,
			);
			runOnlyForDeploymentPostprocessing = 0;
		};
		A565764C2436FFE30049EE9B /* Resources */ = {
			isa = PBXResourcesBuildPhase;
			buildActionMask = 2147483647;
			files = (
			);
			runOnlyForDeploymentPostprocessing = 0;
		};
		A56576572436FFE30049EE9B /* Resources */ = {
			isa = PBXResourcesBuildPhase;
			buildActionMask = 2147483647;
			files = (
			);
			runOnlyForDeploymentPostprocessing = 0;
		};
/* End PBXResourcesBuildPhase section */

/* Begin PBXShellScriptBuildPhase section */
		020326179002DA72A12BE675 /* [CP] Check Pods Manifest.lock */ = {
			isa = PBXShellScriptBuildPhase;
			buildActionMask = 2147483647;
			files = (
			);
			inputFileListPaths = (
			);
			inputPaths = (
				"${PODS_PODFILE_DIR_PATH}/Podfile.lock",
				"${PODS_ROOT}/Manifest.lock",
			);
			name = "[CP] Check Pods Manifest.lock";
			outputFileListPaths = (
			);
			outputPaths = (
				"$(DERIVED_FILE_DIR)/Pods-BreakingBad-checkManifestLockResult.txt",
			);
			runOnlyForDeploymentPostprocessing = 0;
			shellPath = /bin/sh;
			shellScript = "diff \"${PODS_PODFILE_DIR_PATH}/Podfile.lock\" \"${PODS_ROOT}/Manifest.lock\" > /dev/null\nif [ $? != 0 ] ; then\n    # print error to STDERR\n    echo \"error: The sandbox is not in sync with the Podfile.lock. Run 'pod install' or update your CocoaPods installation.\" >&2\n    exit 1\nfi\n# This output is used by Xcode 'outputs' to avoid re-running this script phase.\necho \"SUCCESS\" > \"${SCRIPT_OUTPUT_FILE_0}\"\n";
			showEnvVarsInLog = 0;
		};
		3E0BFA2D818A986275E60DF6 /* [CP] Check Pods Manifest.lock */ = {
			isa = PBXShellScriptBuildPhase;
			buildActionMask = 2147483647;
			files = (
			);
			inputFileListPaths = (
			);
			inputPaths = (
				"${PODS_PODFILE_DIR_PATH}/Podfile.lock",
				"${PODS_ROOT}/Manifest.lock",
			);
			name = "[CP] Check Pods Manifest.lock";
			outputFileListPaths = (
			);
			outputPaths = (
				"$(DERIVED_FILE_DIR)/Pods-BreakingBadTests-checkManifestLockResult.txt",
			);
			runOnlyForDeploymentPostprocessing = 0;
			shellPath = /bin/sh;
			shellScript = "diff \"${PODS_PODFILE_DIR_PATH}/Podfile.lock\" \"${PODS_ROOT}/Manifest.lock\" > /dev/null\nif [ $? != 0 ] ; then\n    # print error to STDERR\n    echo \"error: The sandbox is not in sync with the Podfile.lock. Run 'pod install' or update your CocoaPods installation.\" >&2\n    exit 1\nfi\n# This output is used by Xcode 'outputs' to avoid re-running this script phase.\necho \"SUCCESS\" > \"${SCRIPT_OUTPUT_FILE_0}\"\n";
			showEnvVarsInLog = 0;
		};
		7EAEC625CB86ADB4489E850C /* [CP] Embed Pods Frameworks */ = {
			isa = PBXShellScriptBuildPhase;
			buildActionMask = 2147483647;
			files = (
			);
			inputFileListPaths = (
				"${PODS_ROOT}/Target Support Files/Pods-BreakingBad/Pods-BreakingBad-frameworks-${CONFIGURATION}-input-files.xcfilelist",
			);
			name = "[CP] Embed Pods Frameworks";
			outputFileListPaths = (
				"${PODS_ROOT}/Target Support Files/Pods-BreakingBad/Pods-BreakingBad-frameworks-${CONFIGURATION}-output-files.xcfilelist",
			);
			runOnlyForDeploymentPostprocessing = 0;
			shellPath = /bin/sh;
			shellScript = "\"${PODS_ROOT}/Target Support Files/Pods-BreakingBad/Pods-BreakingBad-frameworks.sh\"\n";
			showEnvVarsInLog = 0;
		};
		854B0565735451506CD89637 /* [CP] Check Pods Manifest.lock */ = {
			isa = PBXShellScriptBuildPhase;
			buildActionMask = 2147483647;
			files = (
			);
			inputFileListPaths = (
			);
			inputPaths = (
				"${PODS_PODFILE_DIR_PATH}/Podfile.lock",
				"${PODS_ROOT}/Manifest.lock",
			);
			name = "[CP] Check Pods Manifest.lock";
			outputFileListPaths = (
			);
			outputPaths = (
				"$(DERIVED_FILE_DIR)/Pods-BreakingBad-BreakingBadUITests-checkManifestLockResult.txt",
			);
			runOnlyForDeploymentPostprocessing = 0;
			shellPath = /bin/sh;
			shellScript = "diff \"${PODS_PODFILE_DIR_PATH}/Podfile.lock\" \"${PODS_ROOT}/Manifest.lock\" > /dev/null\nif [ $? != 0 ] ; then\n    # print error to STDERR\n    echo \"error: The sandbox is not in sync with the Podfile.lock. Run 'pod install' or update your CocoaPods installation.\" >&2\n    exit 1\nfi\n# This output is used by Xcode 'outputs' to avoid re-running this script phase.\necho \"SUCCESS\" > \"${SCRIPT_OUTPUT_FILE_0}\"\n";
			showEnvVarsInLog = 0;
		};
		D81A0B9123C7D5CA68BFDB06 /* [CP] Embed Pods Frameworks */ = {
			isa = PBXShellScriptBuildPhase;
			buildActionMask = 2147483647;
			files = (
			);
			inputFileListPaths = (
				"${PODS_ROOT}/Target Support Files/Pods-BreakingBad-BreakingBadUITests/Pods-BreakingBad-BreakingBadUITests-frameworks-${CONFIGURATION}-input-files.xcfilelist",
			);
			name = "[CP] Embed Pods Frameworks";
			outputFileListPaths = (
				"${PODS_ROOT}/Target Support Files/Pods-BreakingBad-BreakingBadUITests/Pods-BreakingBad-BreakingBadUITests-frameworks-${CONFIGURATION}-output-files.xcfilelist",
			);
			runOnlyForDeploymentPostprocessing = 0;
			shellPath = /bin/sh;
			shellScript = "\"${PODS_ROOT}/Target Support Files/Pods-BreakingBad-BreakingBadUITests/Pods-BreakingBad-BreakingBadUITests-frameworks.sh\"\n";
			showEnvVarsInLog = 0;
		};
/* End PBXShellScriptBuildPhase section */

/* Begin PBXSourcesBuildPhase section */
		A56576362436FFDE0049EE9B /* Sources */ = {
			isa = PBXSourcesBuildPhase;
			buildActionMask = 2147483647;
			files = (
				A5657673243E451C0049EE9B /* Utils.swift in Sources */,
				A565766E243A6A630049EE9B /* CharacterCell.swift in Sources */,
				A5657677243E5B110049EE9B /* CharacterDetailsScreen.swift in Sources */,
				A565766C243A202B0049EE9B /* CharacterListScreen.swift in Sources */,
				A565763E2436FFDE0049EE9B /* AppDelegate.swift in Sources */,
				A519BBF72566DBAF00B685D2 /* CharacterJson.swift in Sources */,
				A5657670243A6D730049EE9B /* Character.swift in Sources */,
				A5AA1B1C25AC783800A8B220 /* RealmService.swift in Sources */,
			);
			runOnlyForDeploymentPostprocessing = 0;
		};
		A565764A2436FFE30049EE9B /* Sources */ = {
			isa = PBXSourcesBuildPhase;
			buildActionMask = 2147483647;
			files = (
				A56576532436FFE30049EE9B /* BreakingBadTests.swift in Sources */,
			);
			runOnlyForDeploymentPostprocessing = 0;
		};
		A56576552436FFE30049EE9B /* Sources */ = {
			isa = PBXSourcesBuildPhase;
			buildActionMask = 2147483647;
			files = (
				A565765E2436FFE30049EE9B /* BreakingBadUITests.swift in Sources */,
			);
			runOnlyForDeploymentPostprocessing = 0;
		};
/* End PBXSourcesBuildPhase section */

/* Begin PBXTargetDependency section */
		A56576502436FFE30049EE9B /* PBXTargetDependency */ = {
			isa = PBXTargetDependency;
			target = A56576392436FFDE0049EE9B /* BreakingBad */;
			targetProxy = A565764F2436FFE30049EE9B /* PBXContainerItemProxy */;
		};
		A565765B2436FFE30049EE9B /* PBXTargetDependency */ = {
			isa = PBXTargetDependency;
			target = A56576392436FFDE0049EE9B /* BreakingBad */;
			targetProxy = A565765A2436FFE30049EE9B /* PBXContainerItemProxy */;
		};
/* End PBXTargetDependency section */

/* Begin PBXVariantGroup section */
		A56576462436FFE30049EE9B /* LaunchScreen.storyboard */ = {
			isa = PBXVariantGroup;
			children = (
				A56576472436FFE30049EE9B /* Base */,
			);
			name = LaunchScreen.storyboard;
			sourceTree = "<group>";
		};
/* End PBXVariantGroup section */

/* Begin XCBuildConfiguration section */
		A56576602436FFE30049EE9B /* Debug */ = {
			isa = XCBuildConfiguration;
			buildSettings = {
				ALWAYS_SEARCH_USER_PATHS = NO;
				CLANG_ANALYZER_NONNULL = YES;
				CLANG_ANALYZER_NUMBER_OBJECT_CONVERSION = YES_AGGRESSIVE;
				CLANG_CXX_LANGUAGE_STANDARD = "gnu++14";
				CLANG_CXX_LIBRARY = "libc++";
				CLANG_ENABLE_MODULES = YES;
				CLANG_ENABLE_OBJC_ARC = YES;
				CLANG_ENABLE_OBJC_WEAK = YES;
				CLANG_WARN_BLOCK_CAPTURE_AUTORELEASING = YES;
				CLANG_WARN_BOOL_CONVERSION = YES;
				CLANG_WARN_COMMA = YES;
				CLANG_WARN_CONSTANT_CONVERSION = YES;
				CLANG_WARN_DEPRECATED_OBJC_IMPLEMENTATIONS = YES;
				CLANG_WARN_DIRECT_OBJC_ISA_USAGE = YES_ERROR;
				CLANG_WARN_DOCUMENTATION_COMMENTS = YES;
				CLANG_WARN_EMPTY_BODY = YES;
				CLANG_WARN_ENUM_CONVERSION = YES;
				CLANG_WARN_INFINITE_RECURSION = YES;
				CLANG_WARN_INT_CONVERSION = YES;
				CLANG_WARN_NON_LITERAL_NULL_CONVERSION = YES;
				CLANG_WARN_OBJC_IMPLICIT_RETAIN_SELF = YES;
				CLANG_WARN_OBJC_LITERAL_CONVERSION = YES;
				CLANG_WARN_OBJC_ROOT_CLASS = YES_ERROR;
				CLANG_WARN_RANGE_LOOP_ANALYSIS = YES;
				CLANG_WARN_STRICT_PROTOTYPES = YES;
				CLANG_WARN_SUSPICIOUS_MOVE = YES;
				CLANG_WARN_UNGUARDED_AVAILABILITY = YES_AGGRESSIVE;
				CLANG_WARN_UNREACHABLE_CODE = YES;
				CLANG_WARN__DUPLICATE_METHOD_MATCH = YES;
				CODE_SIGN_IDENTITY = "iPhone Developer";
				COPY_PHASE_STRIP = NO;
				DEBUG_INFORMATION_FORMAT = dwarf;
				ENABLE_STRICT_OBJC_MSGSEND = YES;
				ENABLE_TESTABILITY = YES;
				GCC_C_LANGUAGE_STANDARD = gnu11;
				GCC_DYNAMIC_NO_PIC = NO;
				GCC_NO_COMMON_BLOCKS = YES;
				GCC_OPTIMIZATION_LEVEL = 0;
				GCC_PREPROCESSOR_DEFINITIONS = (
					"DEBUG=1",
					"$(inherited)",
				);
				GCC_WARN_64_TO_32_BIT_CONVERSION = YES;
				GCC_WARN_ABOUT_RETURN_TYPE = YES_ERROR;
				GCC_WARN_UNDECLARED_SELECTOR = YES;
				GCC_WARN_UNINITIALIZED_AUTOS = YES_AGGRESSIVE;
				GCC_WARN_UNUSED_FUNCTION = YES;
				GCC_WARN_UNUSED_VARIABLE = YES;
				IPHONEOS_DEPLOYMENT_TARGET = 12.4;
				MTL_ENABLE_DEBUG_INFO = INCLUDE_SOURCE;
				MTL_FAST_MATH = YES;
				ONLY_ACTIVE_ARCH = YES;
				SDKROOT = iphoneos;
				SWIFT_ACTIVE_COMPILATION_CONDITIONS = DEBUG;
				SWIFT_OPTIMIZATION_LEVEL = "-Onone";
			};
			name = Debug;
		};
		A56576612436FFE30049EE9B /* Release */ = {
			isa = XCBuildConfiguration;
			buildSettings = {
				ALWAYS_SEARCH_USER_PATHS = NO;
				CLANG_ANALYZER_NONNULL = YES;
				CLANG_ANALYZER_NUMBER_OBJECT_CONVERSION = YES_AGGRESSIVE;
				CLANG_CXX_LANGUAGE_STANDARD = "gnu++14";
				CLANG_CXX_LIBRARY = "libc++";
				CLANG_ENABLE_MODULES = YES;
				CLANG_ENABLE_OBJC_ARC = YES;
				CLANG_ENABLE_OBJC_WEAK = YES;
				CLANG_WARN_BLOCK_CAPTURE_AUTORELEASING = YES;
				CLANG_WARN_BOOL_CONVERSION = YES;
				CLANG_WARN_COMMA = YES;
				CLANG_WARN_CONSTANT_CONVERSION = YES;
				CLANG_WARN_DEPRECATED_OBJC_IMPLEMENTATIONS = YES;
				CLANG_WARN_DIRECT_OBJC_ISA_USAGE = YES_ERROR;
				CLANG_WARN_DOCUMENTATION_COMMENTS = YES;
				CLANG_WARN_EMPTY_BODY = YES;
				CLANG_WARN_ENUM_CONVERSION = YES;
				CLANG_WARN_INFINITE_RECURSION = YES;
				CLANG_WARN_INT_CONVERSION = YES;
				CLANG_WARN_NON_LITERAL_NULL_CONVERSION = YES;
				CLANG_WARN_OBJC_IMPLICIT_RETAIN_SELF = YES;
				CLANG_WARN_OBJC_LITERAL_CONVERSION = YES;
				CLANG_WARN_OBJC_ROOT_CLASS = YES_ERROR;
				CLANG_WARN_RANGE_LOOP_ANALYSIS = YES;
				CLANG_WARN_STRICT_PROTOTYPES = YES;
				CLANG_WARN_SUSPICIOUS_MOVE = YES;
				CLANG_WARN_UNGUARDED_AVAILABILITY = YES_AGGRESSIVE;
				CLANG_WARN_UNREACHABLE_CODE = YES;
				CLANG_WARN__DUPLICATE_METHOD_MATCH = YES;
				CODE_SIGN_IDENTITY = "iPhone Developer";
				COPY_PHASE_STRIP = NO;
				DEBUG_INFORMATION_FORMAT = "dwarf-with-dsym";
				ENABLE_NS_ASSERTIONS = NO;
				ENABLE_STRICT_OBJC_MSGSEND = YES;
				GCC_C_LANGUAGE_STANDARD = gnu11;
				GCC_NO_COMMON_BLOCKS = YES;
				GCC_WARN_64_TO_32_BIT_CONVERSION = YES;
				GCC_WARN_ABOUT_RETURN_TYPE = YES_ERROR;
				GCC_WARN_UNDECLARED_SELECTOR = YES;
				GCC_WARN_UNINITIALIZED_AUTOS = YES_AGGRESSIVE;
				GCC_WARN_UNUSED_FUNCTION = YES;
				GCC_WARN_UNUSED_VARIABLE = YES;
				IPHONEOS_DEPLOYMENT_TARGET = 12.4;
				MTL_ENABLE_DEBUG_INFO = NO;
				MTL_FAST_MATH = YES;
				SDKROOT = iphoneos;
				SWIFT_COMPILATION_MODE = wholemodule;
				SWIFT_OPTIMIZATION_LEVEL = "-O";
				VALIDATE_PRODUCT = YES;
			};
			name = Release;
		};
		A56576632436FFE30049EE9B /* Debug */ = {
			isa = XCBuildConfiguration;
			baseConfigurationReference = CE744A3BB51831DED012E734 /* Pods-BreakingBad.debug.xcconfig */;
			buildSettings = {
				ASSETCATALOG_COMPILER_APPICON_NAME = AppIcon;
				CODE_SIGN_STYLE = Automatic;
				DEVELOPMENT_TEAM = P3YHZKP9RY;
				INFOPLIST_FILE = BreakingBad/Info.plist;
				LD_RUNPATH_SEARCH_PATHS = (
					"$(inherited)",
					"@executable_path/Frameworks",
				);
				PRODUCT_BUNDLE_IDENTIFIER = CJHattingh.BreakingBad;
				PRODUCT_NAME = "$(TARGET_NAME)";
				SWIFT_VERSION = 5.0;
				TARGETED_DEVICE_FAMILY = "1,2";
			};
			name = Debug;
		};
		A56576642436FFE30049EE9B /* Release */ = {
			isa = XCBuildConfiguration;
			baseConfigurationReference = 3BA100107A76FC3CAEDF364C /* Pods-BreakingBad.release.xcconfig */;
			buildSettings = {
				ASSETCATALOG_COMPILER_APPICON_NAME = AppIcon;
				CODE_SIGN_STYLE = Automatic;
				DEVELOPMENT_TEAM = P3YHZKP9RY;
				INFOPLIST_FILE = BreakingBad/Info.plist;
				LD_RUNPATH_SEARCH_PATHS = (
					"$(inherited)",
					"@executable_path/Frameworks",
				);
				PRODUCT_BUNDLE_IDENTIFIER = CJHattingh.BreakingBad;
				PRODUCT_NAME = "$(TARGET_NAME)";
				SWIFT_VERSION = 5.0;
				TARGETED_DEVICE_FAMILY = "1,2";
			};
			name = Release;
		};
		A56576662436FFE30049EE9B /* Debug */ = {
			isa = XCBuildConfiguration;
			baseConfigurationReference = 97A31D764962AC974E3A2B47 /* Pods-BreakingBadTests.debug.xcconfig */;
			buildSettings = {
				ALWAYS_EMBED_SWIFT_STANDARD_LIBRARIES = YES;
				BUNDLE_LOADER = "$(TEST_HOST)";
				CODE_SIGN_STYLE = Automatic;
				INFOPLIST_FILE = BreakingBadTests/Info.plist;
				LD_RUNPATH_SEARCH_PATHS = (
					"$(inherited)",
					"@executable_path/Frameworks",
					"@loader_path/Frameworks",
				);
				PRODUCT_BUNDLE_IDENTIFIER = CJHattingh.BreakingBadTests;
				PRODUCT_NAME = "$(TARGET_NAME)";
				SWIFT_VERSION = 5.0;
				TARGETED_DEVICE_FAMILY = "1,2";
				TEST_HOST = "$(BUILT_PRODUCTS_DIR)/BreakingBad.app/BreakingBad";
			};
			name = Debug;
		};
		A56576672436FFE30049EE9B /* Release */ = {
			isa = XCBuildConfiguration;
			baseConfigurationReference = 1422337198291E36D24B12B0 /* Pods-BreakingBadTests.release.xcconfig */;
			buildSettings = {
				ALWAYS_EMBED_SWIFT_STANDARD_LIBRARIES = YES;
				BUNDLE_LOADER = "$(TEST_HOST)";
				CODE_SIGN_STYLE = Automatic;
				INFOPLIST_FILE = BreakingBadTests/Info.plist;
				LD_RUNPATH_SEARCH_PATHS = (
					"$(inherited)",
					"@executable_path/Frameworks",
					"@loader_path/Frameworks",
				);
				PRODUCT_BUNDLE_IDENTIFIER = CJHattingh.BreakingBadTests;
				PRODUCT_NAME = "$(TARGET_NAME)";
				SWIFT_VERSION = 5.0;
				TARGETED_DEVICE_FAMILY = "1,2";
				TEST_HOST = "$(BUILT_PRODUCTS_DIR)/BreakingBad.app/BreakingBad";
			};
			name = Release;
		};
		A56576692436FFE30049EE9B /* Debug */ = {
			isa = XCBuildConfiguration;
			baseConfigurationReference = 181172A18A596E8F96E915BA /* Pods-BreakingBad-BreakingBadUITests.debug.xcconfig */;
			buildSettings = {
				ALWAYS_EMBED_SWIFT_STANDARD_LIBRARIES = YES;
				CODE_SIGN_STYLE = Automatic;
				INFOPLIST_FILE = BreakingBadUITests/Info.plist;
				LD_RUNPATH_SEARCH_PATHS = (
					"$(inherited)",
					"@executable_path/Frameworks",
					"@loader_path/Frameworks",
				);
				PRODUCT_BUNDLE_IDENTIFIER = CJHattingh.BreakingBadUITests;
				PRODUCT_NAME = "$(TARGET_NAME)";
				SWIFT_VERSION = 5.0;
				TARGETED_DEVICE_FAMILY = "1,2";
				TEST_TARGET_NAME = BreakingBad;
			};
			name = Debug;
		};
		A565766A2436FFE30049EE9B /* Release */ = {
			isa = XCBuildConfiguration;
			baseConfigurationReference = D05FF908A2578872F84BE12E /* Pods-BreakingBad-BreakingBadUITests.release.xcconfig */;
			buildSettings = {
				ALWAYS_EMBED_SWIFT_STANDARD_LIBRARIES = YES;
				CODE_SIGN_STYLE = Automatic;
				INFOPLIST_FILE = BreakingBadUITests/Info.plist;
				LD_RUNPATH_SEARCH_PATHS = (
					"$(inherited)",
					"@executable_path/Frameworks",
					"@loader_path/Frameworks",
				);
				PRODUCT_BUNDLE_IDENTIFIER = CJHattingh.BreakingBadUITests;
				PRODUCT_NAME = "$(TARGET_NAME)";
				SWIFT_VERSION = 5.0;
				TARGETED_DEVICE_FAMILY = "1,2";
				TEST_TARGET_NAME = BreakingBad;
			};
			name = Release;
		};
/* End XCBuildConfiguration section */

/* Begin XCConfigurationList section */
		A56576352436FFDE0049EE9B /* Build configuration list for PBXProject "BreakingBad" */ = {
			isa = XCConfigurationList;
			buildConfigurations = (
				A56576602436FFE30049EE9B /* Debug */,
				A56576612436FFE30049EE9B /* Release */,
			);
			defaultConfigurationIsVisible = 0;
			defaultConfigurationName = Release;
		};
		A56576622436FFE30049EE9B /* Build configuration list for PBXNativeTarget "BreakingBad" */ = {
			isa = XCConfigurationList;
			buildConfigurations = (
				A56576632436FFE30049EE9B /* Debug */,
				A56576642436FFE30049EE9B /* Release */,
			);
			defaultConfigurationIsVisible = 0;
			defaultConfigurationName = Release;
		};
		A56576652436FFE30049EE9B /* Build configuration list for PBXNativeTarget "BreakingBadTests" */ = {
			isa = XCConfigurationList;
			buildConfigurations = (
				A56576662436FFE30049EE9B /* Debug */,
				A56576672436FFE30049EE9B /* Release */,
			);
			defaultConfigurationIsVisible = 0;
			defaultConfigurationName = Release;
		};
		A56576682436FFE30049EE9B /* Build configuration list for PBXNativeTarget "BreakingBadUITests" */ = {
			isa = XCConfigurationList;
			buildConfigurations = (
				A56576692436FFE30049EE9B /* Debug */,
				A565766A2436FFE30049EE9B /* Release */,
			);
			defaultConfigurationIsVisible = 0;
			defaultConfigurationName = Release;
		};
/* End XCConfigurationList section */
	};
	rootObject = A56576322436FFDE0049EE9B /* Project object */;
}
