// !$*UTF8*$!
{
	archiveVersion = 1;
	classes = {
	};
	objectVersion = 50;
	objects = {

/* Begin PBXBuildFile section */
		A565763E2436FFDE0049EE9B /* AppDelegate.swift in Sources */ = {isa = PBXBuildFile; fileRef = A565763D2436FFDE0049EE9B /* AppDelegate.swift */; };
		A56576432436FFDE0049EE9B /* Main.storyboard in Resources */ = {isa = PBXBuildFile; fileRef = A56576412436FFDE0049EE9B /* Main.storyboard */; };
		A56576452436FFE30049EE9B /* Assets.xcassets in Resources */ = {isa = PBXBuildFile; fileRef = A56576442436FFE30049EE9B /* Assets.xcassets */; };
		A56576482436FFE30049EE9B /* LaunchScreen.storyboard in Resources */ = {isa = PBXBuildFile; fileRef = A56576462436FFE30049EE9B /* LaunchScreen.storyboard */; };
		A56576532436FFE30049EE9B /* BreakingBadTests.swift in Sources */ = {isa = PBXBuildFile; fileRef = A56576522436FFE30049EE9B /* BreakingBadTests.swift */; };
		A565765E2436FFE30049EE9B /* BreakingBadUITests.swift in Sources */ = {isa = PBXBuildFile; fileRef = A565765D2436FFE30049EE9B /* BreakingBadUITests.swift */; };
		A565766C243A202B0049EE9B /* CharacterListScreen.swift in Sources */ = {isa = PBXBuildFile; fileRef = A565766B243A202B0049EE9B /* CharacterListScreen.swift */; };
		A565766E243A6A630049EE9B /* CharacterCell.swift in Sources */ = {isa = PBXBuildFile; fileRef = A565766D243A6A630049EE9B /* CharacterCell.swift */; };
		A5657670243A6D730049EE9B /* Character.swift in Sources */ = {isa = PBXBuildFile; fileRef = A565766F243A6D730049EE9B /* Character.swift */; };
/* End PBXBuildFile section */

/* Begin PBXContainerItemProxy section */
		A565764F2436FFE30049EE9B /* PBXContainerItemProxy */ = {
			isa = PBXContainerItemProxy;
			containerPortal = A56576322436FFDE0049EE9B /* Project object */;
			proxyType = 1;
			remoteGlobalIDString = A56576392436FFDE0049EE9B;
			remoteInfo = BreakingBad;
		};
		A565765A2436FFE30049EE9B /* PBXContainerItemProxy */ = {
			isa = PBXContainerItemProxy;
			containerPortal = A56576322436FFDE0049EE9B /* Project object */;
			proxyType = 1;
			remoteGlobalIDString = A56576392436FFDE0049EE9B;
			remoteInfo = BreakingBad;
		};
/* End PBXContainerItemProxy section */

/* Begin PBXFileReference section */
		A565763A2436FFDE0049EE9B /* BreakingBad.app */ = {isa = PBXFileReference; explicitFileType = wrapper.application; includeInIndex = 0; path = BreakingBad.app; sourceTree = BUILT_PRODUCTS_DIR; };
		A565763D2436FFDE0049EE9B /* AppDelegate.swift */ = {isa = PBXFileReference; lastKnownFileType = sourcecode.swift; path = AppDelegate.swift; sourceTree = "<group>"; };
		A56576422436FFDE0049EE9B /* Base */ = {isa = PBXFileReference; lastKnownFileType = file.storyboard; name = Base; path = Base.lproj/Main.storyboard; sourceTree = "<group>"; };
		A56576442436FFE30049EE9B /* Assets.xcassets */ = {isa = PBXFileReference; lastKnownFileType = folder.assetcatalog; path = Assets.xcassets; sourceTree = "<group>"; };
		A56576472436FFE30049EE9B /* Base */ = {isa = PBXFileReference; lastKnownFileType = file.storyboard; name = Base; path = Base.lproj/LaunchScreen.storyboard; sourceTree = "<group>"; };
		A56576492436FFE30049EE9B /* Info.plist */ = {isa = PBXFileReference; lastKnownFileType = text.plist.xml; path = Info.plist; sourceTree = "<group>"; };
		A565764E2436FFE30049EE9B /* BreakingBadTests.xctest */ = {isa = PBXFileReference; explicitFileType = wrapper.cfbundle; includeInIndex = 0; path = BreakingBadTests.xctest; sourceTree = BUILT_PRODUCTS_DIR; };
		A56576522436FFE30049EE9B /* BreakingBadTests.swift */ = {isa = PBXFileReference; lastKnownFileType = sourcecode.swift; path = BreakingBadTests.swift; sourceTree = "<group>"; };
		A56576542436FFE30049EE9B /* Info.plist */ = {isa = PBXFileReference; lastKnownFileType = text.plist.xml; path = Info.plist; sourceTree = "<group>"; };
		A56576592436FFE30049EE9B /* BreakingBadUITests.xctest */ = {isa = PBXFileReference; explicitFileType = wrapper.cfbundle; includeInIndex = 0; path = BreakingBadUITests.xctest; sourceTree = BUILT_PRODUCTS_DIR; };
		A565765D2436FFE30049EE9B /* BreakingBadUITests.swift */ = {isa = PBXFileReference; lastKnownFileType = sourcecode.swift; path = BreakingBadUITests.swift; sourceTree = "<group>"; };
		A565765F2436FFE30049EE9B /* Info.plist */ = {isa = PBXFileReference; lastKnownFileType = text.plist.xml; path = Info.plist; sourceTree = "<group>"; };
		A565766B243A202B0049EE9B /* CharacterListScreen.swift */ = {isa = PBXFileReference; lastKnownFileType = sourcecode.swift; path = CharacterListScreen.swift; sourceTree = "<group>"; };
		A565766D243A6A630049EE9B /* CharacterCell.swift */ = {isa = PBXFileReference; lastKnownFileType = sourcecode.swift; path = CharacterCell.swift; sourceTree = "<group>"; };
		A565766F243A6D730049EE9B /* Character.swift */ = {isa = PBXFileReference; lastKnownFileType = sourcecode.swift; path = Character.swift; sourceTree = "<group>"; };
/* End PBXFileReference section */

/* Begin PBXFrameworksBuildPhase section */
		A56576372436FFDE0049EE9B /* Frameworks */ = {
			isa = PBXFrameworksBuildPhase;
			buildActionMask = 2147483647;
			files = (
			);
			runOnlyForDeploymentPostprocessing = 0;
		};
		A565764B2436FFE30049EE9B /* Frameworks */ = {
			isa = PBXFrameworksBuildPhase;
			buildActionMask = 2147483647;
			files = (
			);
			runOnlyForDeploymentPostprocessing = 0;
		};
		A56576562436FFE30049EE9B /* Frameworks */ = {
			isa = PBXFrameworksBuildPhase;
			buildActionMask = 2147483647;
			files = (
			);
			runOnlyForDeploymentPostprocessing = 0;
		};
/* End PBXFrameworksBuildPhase section */

/* Begin PBXGroup section */
		A56576312436FFDE0049EE9B = {
			isa = PBXGroup;
			children = (
				A565763C2436FFDE0049EE9B /* BreakingBad */,
				A56576512436FFE30049EE9B /* BreakingBadTests */,
				A565765C2436FFE30049EE9B /* BreakingBadUITests */,
				A565763B2436FFDE0049EE9B /* Products */,
			);
			sourceTree = "<group>";
		};
		A565763B2436FFDE0049EE9B /* Products */ = {
			isa = PBXGroup;
			children = (
				A565763A2436FFDE0049EE9B /* BreakingBad.app */,
				A565764E2436FFE30049EE9B /* BreakingBadTests.xctest */,
				A56576592436FFE30049EE9B /* BreakingBadUITests.xctest */,
			);
			name = Products;
			sourceTree = "<group>";
		};
		A565763C2436FFDE0049EE9B /* BreakingBad */ = {
			isa = PBXGroup;
			children = (
				A565763D2436FFDE0049EE9B /* AppDelegate.swift */,
				A565766B243A202B0049EE9B /* CharacterListScreen.swift */,
				A565766D243A6A630049EE9B /* CharacterCell.swift */,
				A565766F243A6D730049EE9B /* Character.swift */,
				A56576412436FFDE0049EE9B /* Main.storyboard */,
				A56576442436FFE30049EE9B /* Assets.xcassets */,
				A56576462436FFE30049EE9B /* LaunchScreen.storyboard */,
				A56576492436FFE30049EE9B /* Info.plist */,
			);
			path = BreakingBad;
			sourceTree = "<group>";
		};
		A56576512436FFE30049EE9B /* BreakingBadTests */ = {
			isa = PBXGroup;
			children = (
				A56576522436FFE30049EE9B /* BreakingBadTests.swift */,
				A56576542436FFE30049EE9B /* Info.plist */,
			);
			path = BreakingBadTests;
			sourceTree = "<group>";
		};
		A565765C2436FFE30049EE9B /* BreakingBadUITests */ = {
			isa = PBXGroup;
			children = (
				A565765D2436FFE30049EE9B /* BreakingBadUITests.swift */,
				A565765F2436FFE30049EE9B /* Info.plist */,
			);
			path = BreakingBadUITests;
			sourceTree = "<group>";
		};
/* End PBXGroup section */

/* Begin PBXNativeTarget section */
		A56576392436FFDE0049EE9B /* BreakingBad */ = {
			isa = PBXNativeTarget;
			buildConfigurationList = A56576622436FFE30049EE9B /* Build configuration list for PBXNativeTarget "BreakingBad" */;
			buildPhases = (
				A56576362436FFDE0049EE9B /* Sources */,
				A56576372436FFDE0049EE9B /* Frameworks */,
				A56576382436FFDE0049EE9B /* Resources */,
			);
			buildRules = (
			);
			dependencies = (
			);
			name = BreakingBad;
			productName = BreakingBad;
			productReference = A565763A2436FFDE0049EE9B /* BreakingBad.app */;
			productType = "com.apple.product-type.application";
		};
		A565764D2436FFE30049EE9B /* BreakingBadTests */ = {
			isa = PBXNativeTarget;
			buildConfigurationList = A56576652436FFE30049EE9B /* Build configuration list for PBXNativeTarget "BreakingBadTests" */;
			buildPhases = (
				A565764A2436FFE30049EE9B /* Sources */,
				A565764B2436FFE30049EE9B /* Frameworks */,
				A565764C2436FFE30049EE9B /* Resources */,
			);
			buildRules = (
			);
			dependencies = (
				A56576502436FFE30049EE9B /* PBXTargetDependency */,
			);
			name = BreakingBadTests;
			productName = BreakingBadTests;
			productReference = A565764E2436FFE30049EE9B /* BreakingBadTests.xctest */;
			productType = "com.apple.product-type.bundle.unit-test";
		};
		A56576582436FFE30049EE9B /* BreakingBadUITests */ = {
			isa = PBXNativeTarget;
			buildConfigurationList = A56576682436FFE30049EE9B /* Build configuration list for PBXNativeTarget "BreakingBadUITests" */;
			buildPhases = (
				A56576552436FFE30049EE9B /* Sources */,
				A56576562436FFE30049EE9B /* Frameworks */,
				A56576572436FFE30049EE9B /* Resources */,
			);
			buildRules = (
			);
			dependencies = (
				A565765B2436FFE30049EE9B /* PBXTargetDependency */,
			);
			name = BreakingBadUITests;
			productName = BreakingBadUITests;
			productReference = A56576592436FFE30049EE9B /* BreakingBadUITests.xctest */;
			productType = "com.apple.product-type.bundle.ui-testing";
		};
/* End PBXNativeTarget section */

/* Begin PBXProject section */
		A56576322436FFDE0049EE9B /* Project object */ = {
			isa = PBXProject;
			attributes = {
				LastSwiftUpdateCheck = 1030;
				LastUpgradeCheck = 1030;
				ORGANIZATIONNAME = "Jandrè Hattingh";
				TargetAttributes = {
					A56576392436FFDE0049EE9B = {
						CreatedOnToolsVersion = 10.3;
					};
					A565764D2436FFE30049EE9B = {
						CreatedOnToolsVersion = 10.3;
						TestTargetID = A56576392436FFDE0049EE9B;
					};
					A56576582436FFE30049EE9B = {
						CreatedOnToolsVersion = 10.3;
						TestTargetID = A56576392436FFDE0049EE9B;
					};
				};
			};
			buildConfigurationList = A56576352436FFDE0049EE9B /* Build configuration list for PBXProject "BreakingBad" */;
			compatibilityVersion = "Xcode 9.3";
			developmentRegion = en;
			hasScannedForEncodings = 0;
			knownRegions = (
				en,
				Base,
			);
			mainGroup = A56576312436FFDE0049EE9B;
			productRefGroup = A565763B2436FFDE0049EE9B /* Products */;
			projectDirPath = "";
			projectRoot = "";
			targets = (
				A56576392436FFDE0049EE9B /* BreakingBad */,
				A565764D2436FFE30049EE9B /* BreakingBadTests */,
				A56576582436FFE30049EE9B /* BreakingBadUITests */,
			);
		};
/* End PBXProject section */

/* Begin PBXResourcesBuildPhase section */
		A56576382436FFDE0049EE9B /* Resources */ = {
			isa = PBXResourcesBuildPhase;
			buildActionMask = 2147483647;
			files = (
				A56576482436FFE30049EE9B /* LaunchScreen.storyboard in Resources */,
				A56576452436FFE30049EE9B /* Assets.xcassets in Resources */,
				A56576432436FFDE0049EE9B /* Main.storyboard in Resources */,
			);
			runOnlyForDeploymentPostprocessing = 0;
		};
		A565764C2436FFE30049EE9B /* Resources */ = {
			isa = PBXResourcesBuildPhase;
			buildActionMask = 2147483647;
			files = (
			);
			runOnlyForDeploymentPostprocessing = 0;
		};
		A56576572436FFE30049EE9B /* Resources */ = {
			isa = PBXResourcesBuildPhase;
			buildActionMask = 2147483647;
			files = (
			);
			runOnlyForDeploymentPostprocessing = 0;
		};
/* End PBXResourcesBuildPhase section */

/* Begin PBXSourcesBuildPhase section */
		A56576362436FFDE0049EE9B /* Sources */ = {
			isa = PBXSourcesBuildPhase;
			buildActionMask = 2147483647;
			files = (
				A565766E243A6A630049EE9B /* CharacterCell.swift in Sources */,
				A565766C243A202B0049EE9B /* CharacterListScreen.swift in Sources */,
				A565763E2436FFDE0049EE9B /* AppDelegate.swift in Sources */,
				A5657670243A6D730049EE9B /* Character.swift in Sources */,
			);
			runOnlyForDeploymentPostprocessing = 0;
		};
		A565764A2436FFE30049EE9B /* Sources */ = {
			isa = PBXSourcesBuildPhase;
			buildActionMask = 2147483647;
			files = (
				A56576532436FFE30049EE9B /* BreakingBadTests.swift in Sources */,
			);
			runOnlyForDeploymentPostprocessing = 0;
		};
		A56576552436FFE30049EE9B /* Sources */ = {
			isa = PBXSourcesBuildPhase;
			buildActionMask = 2147483647;
			files = (
				A565765E2436FFE30049EE9B /* BreakingBadUITests.swift in Sources */,
			);
			runOnlyForDeploymentPostprocessing = 0;
		};
/* End PBXSourcesBuildPhase section */

/* Begin PBXTargetDependency section */
		A56576502436FFE30049EE9B /* PBXTargetDependency */ = {
			isa = PBXTargetDependency;
			target = A56576392436FFDE0049EE9B /* BreakingBad */;
			targetProxy = A565764F2436FFE30049EE9B /* PBXContainerItemProxy */;
		};
		A565765B2436FFE30049EE9B /* PBXTargetDependency */ = {
			isa = PBXTargetDependency;
			target = A56576392436FFDE0049EE9B /* BreakingBad */;
			targetProxy = A565765A2436FFE30049EE9B /* PBXContainerItemProxy */;
		};
/* End PBXTargetDependency section */

/* Begin PBXVariantGroup section */
		A56576412436FFDE0049EE9B /* Main.storyboard */ = {
			isa = PBXVariantGroup;
			children = (
				A56576422436FFDE0049EE9B /* Base */,
			);
			name = Main.storyboard;
			sourceTree = "<group>";
		};
		A56576462436FFE30049EE9B /* LaunchScreen.storyboard */ = {
			isa = PBXVariantGroup;
			children = (
				A56576472436FFE30049EE9B /* Base */,
			);
			name = LaunchScreen.storyboard;
			sourceTree = "<group>";
		};
/* End PBXVariantGroup section */

/* Begin XCBuildConfiguration section */
		A56576602436FFE30049EE9B /* Debug */ = {
			isa = XCBuildConfiguration;
			buildSettings = {
				ALWAYS_SEARCH_USER_PATHS = NO;
				CLANG_ANALYZER_NONNULL = YES;
				CLANG_ANALYZER_NUMBER_OBJECT_CONVERSION = YES_AGGRESSIVE;
				CLANG_CXX_LANGUAGE_STANDARD = "gnu++14";
				CLANG_CXX_LIBRARY = "libc++";
				CLANG_ENABLE_MODULES = YES;
				CLANG_ENABLE_OBJC_ARC = YES;
				CLANG_ENABLE_OBJC_WEAK = YES;
				CLANG_WARN_BLOCK_CAPTURE_AUTORELEASING = YES;
				CLANG_WARN_BOOL_CONVERSION = YES;
				CLANG_WARN_COMMA = YES;
				CLANG_WARN_CONSTANT_CONVERSION = YES;
				CLANG_WARN_DEPRECATED_OBJC_IMPLEMENTATIONS = YES;
				CLANG_WARN_DIRECT_OBJC_ISA_USAGE = YES_ERROR;
				CLANG_WARN_DOCUMENTATION_COMMENTS = YES;
				CLANG_WARN_EMPTY_BODY = YES;
				CLANG_WARN_ENUM_CONVERSION = YES;
				CLANG_WARN_INFINITE_RECURSION = YES;
				CLANG_WARN_INT_CONVERSION = YES;
				CLANG_WARN_NON_LITERAL_NULL_CONVERSION = YES;
				CLANG_WARN_OBJC_IMPLICIT_RETAIN_SELF = YES;
				CLANG_WARN_OBJC_LITERAL_CONVERSION = YES;
				CLANG_WARN_OBJC_ROOT_CLASS = YES_ERROR;
				CLANG_WARN_RANGE_LOOP_ANALYSIS = YES;
				CLANG_WARN_STRICT_PROTOTYPES = YES;
				CLANG_WARN_SUSPICIOUS_MOVE = YES;
				CLANG_WARN_UNGUARDED_AVAILABILITY = YES_AGGRESSIVE;
				CLANG_WARN_UNREACHABLE_CODE = YES;
				CLANG_WARN__DUPLICATE_METHOD_MATCH = YES;
				CODE_SIGN_IDENTITY = "iPhone Developer";
				COPY_PHASE_STRIP = NO;
				DEBUG_INFORMATION_FORMAT = dwarf;
				ENABLE_STRICT_OBJC_MSGSEND = YES;
				ENABLE_TESTABILITY = YES;
				GCC_C_LANGUAGE_STANDARD = gnu11;
				GCC_DYNAMIC_NO_PIC = NO;
				GCC_NO_COMMON_BLOCKS = YES;
				GCC_OPTIMIZATION_LEVEL = 0;
				GCC_PREPROCESSOR_DEFINITIONS = (
					"DEBUG=1",
					"$(inherited)",
				);
				GCC_WARN_64_TO_32_BIT_CONVERSION = YES;
				GCC_WARN_ABOUT_RETURN_TYPE = YES_ERROR;
				GCC_WARN_UNDECLARED_SELECTOR = YES;
				GCC_WARN_UNINITIALIZED_AUTOS = YES_AGGRESSIVE;
				GCC_WARN_UNUSED_FUNCTION = YES;
				GCC_WARN_UNUSED_VARIABLE = YES;
				IPHONEOS_DEPLOYMENT_TARGET = 12.4;
				MTL_ENABLE_DEBUG_INFO = INCLUDE_SOURCE;
				MTL_FAST_MATH = YES;
				ONLY_ACTIVE_ARCH = YES;
				SDKROOT = iphoneos;
				SWIFT_ACTIVE_COMPILATION_CONDITIONS = DEBUG;
				SWIFT_OPTIMIZATION_LEVEL = "-Onone";
			};
			name = Debug;
		};
		A56576612436FFE30049EE9B /* Release */ = {
			isa = XCBuildConfiguration;
			buildSettings = {
				ALWAYS_SEARCH_USER_PATHS = NO;
				CLANG_ANALYZER_NONNULL = YES;
				CLANG_ANALYZER_NUMBER_OBJECT_CONVERSION = YES_AGGRESSIVE;
				CLANG_CXX_LANGUAGE_STANDARD = "gnu++14";
				CLANG_CXX_LIBRARY = "libc++";
				CLANG_ENABLE_MODULES = YES;
				CLANG_ENABLE_OBJC_ARC = YES;
				CLANG_ENABLE_OBJC_WEAK = YES;
				CLANG_WARN_BLOCK_CAPTURE_AUTORELEASING = YES;
				CLANG_WARN_BOOL_CONVERSION = YES;
				CLANG_WARN_COMMA = YES;
				CLANG_WARN_CONSTANT_CONVERSION = YES;
				CLANG_WARN_DEPRECATED_OBJC_IMPLEMENTATIONS = YES;
				CLANG_WARN_DIRECT_OBJC_ISA_USAGE = YES_ERROR;
				CLANG_WARN_DOCUMENTATION_COMMENTS = YES;
				CLANG_WARN_EMPTY_BODY = YES;
				CLANG_WARN_ENUM_CONVERSION = YES;
				CLANG_WARN_INFINITE_RECURSION = YES;
				CLANG_WARN_INT_CONVERSION = YES;
				CLANG_WARN_NON_LITERAL_NULL_CONVERSION = YES;
				CLANG_WARN_OBJC_IMPLICIT_RETAIN_SELF = YES;
				CLANG_WARN_OBJC_LITERAL_CONVERSION = YES;
				CLANG_WARN_OBJC_ROOT_CLASS = YES_ERROR;
				CLANG_WARN_RANGE_LOOP_ANALYSIS = YES;
				CLANG_WARN_STRICT_PROTOTYPES = YES;
				CLANG_WARN_SUSPICIOUS_MOVE = YES;
				CLANG_WARN_UNGUARDED_AVAILABILITY = YES_AGGRESSIVE;
				CLANG_WARN_UNREACHABLE_CODE = YES;
				CLANG_WARN__DUPLICATE_METHOD_MATCH = YES;
				CODE_SIGN_IDENTITY = "iPhone Developer";
				COPY_PHASE_STRIP = NO;
				DEBUG_INFORMATION_FORMAT = "dwarf-with-dsym";
				ENABLE_NS_ASSERTIONS = NO;
				ENABLE_STRICT_OBJC_MSGSEND = YES;
				GCC_C_LANGUAGE_STANDARD = gnu11;
				GCC_NO_COMMON_BLOCKS = YES;
				GCC_WARN_64_TO_32_BIT_CONVERSION = YES;
				GCC_WARN_ABOUT_RETURN_TYPE = YES_ERROR;
				GCC_WARN_UNDECLARED_SELECTOR = YES;
				GCC_WARN_UNINITIALIZED_AUTOS = YES_AGGRESSIVE;
				GCC_WARN_UNUSED_FUNCTION = YES;
				GCC_WARN_UNUSED_VARIABLE = YES;
				IPHONEOS_DEPLOYMENT_TARGET = 12.4;
				MTL_ENABLE_DEBUG_INFO = NO;
				MTL_FAST_MATH = YES;
				SDKROOT = iphoneos;
				SWIFT_COMPILATION_MODE = wholemodule;
				SWIFT_OPTIMIZATION_LEVEL = "-O";
				VALIDATE_PRODUCT = YES;
			};
			name = Release;
		};
		A56576632436FFE30049EE9B /* Debug */ = {
			isa = XCBuildConfiguration;
			buildSettings = {
				ASSETCATALOG_COMPILER_APPICON_NAME = AppIcon;
				CODE_SIGN_STYLE = Automatic;
				INFOPLIST_FILE = BreakingBad/Info.plist;
				LD_RUNPATH_SEARCH_PATHS = (
					"$(inherited)",
					"@executable_path/Frameworks",
				);
				PRODUCT_BUNDLE_IDENTIFIER = CJHattingh.BreakingBad;
				PRODUCT_NAME = "$(TARGET_NAME)";
				SWIFT_VERSION = 5.0;
				TARGETED_DEVICE_FAMILY = "1,2";
			};
			name = Debug;
		};
		A56576642436FFE30049EE9B /* Release */ = {
			isa = XCBuildConfiguration;
			buildSettings = {
				ASSETCATALOG_COMPILER_APPICON_NAME = AppIcon;
				CODE_SIGN_STYLE = Automatic;
				INFOPLIST_FILE = BreakingBad/Info.plist;
				LD_RUNPATH_SEARCH_PATHS = (
					"$(inherited)",
					"@executable_path/Frameworks",
				);
				PRODUCT_BUNDLE_IDENTIFIER = CJHattingh.BreakingBad;
				PRODUCT_NAME = "$(TARGET_NAME)";
				SWIFT_VERSION = 5.0;
				TARGETED_DEVICE_FAMILY = "1,2";
			};
			name = Release;
		};
		A56576662436FFE30049EE9B /* Debug */ = {
			isa = XCBuildConfiguration;
			buildSettings = {
				ALWAYS_EMBED_SWIFT_STANDARD_LIBRARIES = YES;
				BUNDLE_LOADER = "$(TEST_HOST)";
				CODE_SIGN_STYLE = Automatic;
				INFOPLIST_FILE = BreakingBadTests/Info.plist;
				LD_RUNPATH_SEARCH_PATHS = (
					"$(inherited)",
					"@executable_path/Frameworks",
					"@loader_path/Frameworks",
				);
				PRODUCT_BUNDLE_IDENTIFIER = CJHattingh.BreakingBadTests;
				PRODUCT_NAME = "$(TARGET_NAME)";
				SWIFT_VERSION = 5.0;
				TARGETED_DEVICE_FAMILY = "1,2";
				TEST_HOST = "$(BUILT_PRODUCTS_DIR)/BreakingBad.app/BreakingBad";
			};
			name = Debug;
		};
		A56576672436FFE30049EE9B /* Release */ = {
			isa = XCBuildConfiguration;
			buildSettings = {
				ALWAYS_EMBED_SWIFT_STANDARD_LIBRARIES = YES;
				BUNDLE_LOADER = "$(TEST_HOST)";
				CODE_SIGN_STYLE = Automatic;
				INFOPLIST_FILE = BreakingBadTests/Info.plist;
				LD_RUNPATH_SEARCH_PATHS = (
					"$(inherited)",
					"@executable_path/Frameworks",
					"@loader_path/Frameworks",
				);
				PRODUCT_BUNDLE_IDENTIFIER = CJHattingh.BreakingBadTests;
				PRODUCT_NAME = "$(TARGET_NAME)";
				SWIFT_VERSION = 5.0;
				TARGETED_DEVICE_FAMILY = "1,2";
				TEST_HOST = "$(BUILT_PRODUCTS_DIR)/BreakingBad.app/BreakingBad";
			};
			name = Release;
		};
		A56576692436FFE30049EE9B /* Debug */ = {
			isa = XCBuildConfiguration;
			buildSettings = {
				ALWAYS_EMBED_SWIFT_STANDARD_LIBRARIES = YES;
				CODE_SIGN_STYLE = Automatic;
				INFOPLIST_FILE = BreakingBadUITests/Info.plist;
				LD_RUNPATH_SEARCH_PATHS = (
					"$(inherited)",
					"@executable_path/Frameworks",
					"@loader_path/Frameworks",
				);
				PRODUCT_BUNDLE_IDENTIFIER = CJHattingh.BreakingBadUITests;
				PRODUCT_NAME = "$(TARGET_NAME)";
				SWIFT_VERSION = 5.0;
				TARGETED_DEVICE_FAMILY = "1,2";
				TEST_TARGET_NAME = BreakingBad;
			};
			name = Debug;
		};
		A565766A2436FFE30049EE9B /* Release */ = {
			isa = XCBuildConfiguration;
			buildSettings = {
				ALWAYS_EMBED_SWIFT_STANDARD_LIBRARIES = YES;
				CODE_SIGN_STYLE = Automatic;
				INFOPLIST_FILE = BreakingBadUITests/Info.plist;
				LD_RUNPATH_SEARCH_PATHS = (
					"$(inherited)",
					"@executable_path/Frameworks",
					"@loader_path/Frameworks",
				);
				PRODUCT_BUNDLE_IDENTIFIER = CJHattingh.BreakingBadUITests;
				PRODUCT_NAME = "$(TARGET_NAME)";
				SWIFT_VERSION = 5.0;
				TARGETED_DEVICE_FAMILY = "1,2";
				TEST_TARGET_NAME = BreakingBad;
			};
			name = Release;
		};
/* End XCBuildConfiguration section */

/* Begin XCConfigurationList section */
		A56576352436FFDE0049EE9B /* Build configuration list for PBXProject "BreakingBad" */ = {
			isa = XCConfigurationList;
			buildConfigurations = (
				A56576602436FFE30049EE9B /* Debug */,
				A56576612436FFE30049EE9B /* Release */,
			);
			defaultConfigurationIsVisible = 0;
			defaultConfigurationName = Release;
		};
		A56576622436FFE30049EE9B /* Build configuration list for PBXNativeTarget "BreakingBad" */ = {
			isa = XCConfigurationList;
			buildConfigurations = (
				A56576632436FFE30049EE9B /* Debug */,
				A56576642436FFE30049EE9B /* Release */,
			);
			defaultConfigurationIsVisible = 0;
			defaultConfigurationName = Release;
		};
		A56576652436FFE30049EE9B /* Build configuration list for PBXNativeTarget "BreakingBadTests" */ = {
			isa = XCConfigurationList;
			buildConfigurations = (
				A56576662436FFE30049EE9B /* Debug */,
				A56576672436FFE30049EE9B /* Release */,
			);
			defaultConfigurationIsVisible = 0;
			defaultConfigurationName = Release;
		};
		A56576682436FFE30049EE9B /* Build configuration list for PBXNativeTarget "BreakingBadUITests" */ = {
			isa = XCConfigurationList;
			buildConfigurations = (
				A56576692436FFE30049EE9B /* Debug */,
				A565766A2436FFE30049EE9B /* Release */,
			);
			defaultConfigurationIsVisible = 0;
			defaultConfigurationName = Release;
		};
/* End XCConfigurationList section */
	};
	rootObject = A56576322436FFDE0049EE9B /* Project object */;
}
